
Microsoft Visual Studio Solution File, Format Version 12.00
# Visual Studio Version 16
VisualStudioVersion = 16.0.31313.79
MinimumVisualStudioVersion = 10.0.40219.1
Project("{FAE04EC0-301F-11D3-BF4B-00C04F79EFBC}") = "StringCalculator", "StringCalculator.csproj", "{3132A027-2A2D-4E6A-AF01-2744BF8F8604}"
EndProject
Project("{FAE04EC0-301F-11D3-BF4B-00C04F79EFBC}") = "StringCalculator.Tests", "..\StringCalculator.Tests\StringCalculator.Tests.csproj", "{5B2500DE-8BEF-4D9E-855D-1E5155E2AAAD}"
EndProject
Global
	GlobalSection(SolutionConfigurationPlatforms) = preSolution
		Debug|Any CPU = Debug|Any CPU
		Release|Any CPU = Release|Any CPU
	EndGlobalSection
	GlobalSection(ProjectConfigurationPlatforms) = postSolution
		{3132A027-2A2D-4E6A-AF01-2744BF8F8604}.Debug|Any CPU.ActiveCfg = Debug|Any CPU
		{3132A027-2A2D-4E6A-AF01-2744BF8F8604}.Debug|Any CPU.Build.0 = Debug|Any CPU
		{3132A027-2A2D-4E6A-AF01-2744BF8F8604}.Release|Any CPU.ActiveCfg = Release|Any CPU
		{3132A027-2A2D-4E6A-AF01-2744BF8F8604}.Release|Any CPU.Build.0 = Release|Any CPU
		{5B2500DE-8BEF-4D9E-855D-1E5155E2AAAD}.Debug|Any CPU.ActiveCfg = Debug|Any CPU
		{5B2500DE-8BEF-4D9E-855D-1E5155E2AAAD}.Debug|Any CPU.Build.0 = Debug|Any CPU
		{5B2500DE-8BEF-4D9E-855D-1E5155E2AAAD}.Release|Any CPU.ActiveCfg = Release|Any CPU
		{5B2500DE-8BEF-4D9E-855D-1E5155E2AAAD}.Release|Any CPU.Build.0 = Release|Any CPU
	EndGlobalSection
	GlobalSection(SolutionProperties) = preSolution
		HideSolutionNode = FALSE
	EndGlobalSection
	GlobalSection(ExtensibilityGlobals) = postSolution
		SolutionGuid = {CCF14704-0A13-496D-A61A-65C1836E1425}
	EndGlobalSection
EndGlobal
